// !$*UTF8*$!
{
	archiveVersion = 1;
	classes = {
	};
	objectVersion = 46;
	objects = {

/* Begin PBXBuildFile section */
		41FF69921D6B4E5D00CC5AB0 /* main.c in Sources */ = {isa = PBXBuildFile; fileRef = 41C3108A1BB444CD00F0B036 /* main.c */; };
/* End PBXBuildFile section */

/* Begin PBXFileReference section */
		41C3108A1BB444CD00F0B036 /* main.c */ = {isa = PBXFileReference; lastKnownFileType = sourcecode.c.c; path = main.c; sourceTree = "<group>"; };
		41FF698B1D6B4E3500CC5AB0 /* c */ = {isa = PBXFileReference; explicitFileType = "compiled.mach-o.executable"; includeInIndex = 0; path = c; sourceTree = BUILT_PRODUCTS_DIR; };
/* End PBXFileReference section */

/* Begin PBXFrameworksBuildPhase section */
		41FF69881D6B4E3500CC5AB0 /* Frameworks */ = {
			isa = PBXFrameworksBuildPhase;
			buildActionMask = 2147483647;
			files = (
			);
			runOnlyForDeploymentPostprocessing = 0;
		};
/* End PBXFrameworksBuildPhase section */

/* Begin PBXGroup section */
		41C3107C1BB444CD00F0B036 = {
			isa = PBXGroup;
			children = (
				41C310871BB444CD00F0B036 /* src */,
				41C310861BB444CD00F0B036 /* Products */,
			);
			sourceTree = "<group>";
		};
		41C310861BB444CD00F0B036 /* Products */ = {
			isa = PBXGroup;
			children = (
				41FF698B1D6B4E3500CC5AB0 /* c */,
			);
			name = Products;
			sourceTree = "<group>";
		};
		41C310871BB444CD00F0B036 /* src */ = {
			isa = PBXGroup;
			children = (
				41C3108A1BB444CD00F0B036 /* main.c */,
			);
			path = src;
			sourceTree = "<group>";
		};
/* End PBXGroup section */

/* Begin PBXNativeTarget section */
		41FF698A1D6B4E3500CC5AB0 /* c */ = {
			isa = PBXNativeTarget;
			buildConfigurationList = 41FF69911D6B4E3500CC5AB0 /* Build configuration list for PBXNativeTarget "c" */;
			buildPhases = (
				41FF69871D6B4E3500CC5AB0 /* Sources */,
				41FF69881D6B4E3500CC5AB0 /* Frameworks */,
			);
			buildRules = (
			);
			dependencies = (
			);
			name = c;
			productName = c;
			productReference = 41FF698B1D6B4E3500CC5AB0 /* c */;
			productType = "com.apple.product-type.tool";
		};
/* End PBXNativeTarget section */

/* Begin PBXProject section */
		41C3107D1BB444CD00F0B036 /* Project object */ = {
			isa = PBXProject;
			attributes = {
				LastUpgradeCheck = 0640;
				ORGANIZATIONNAME = "Mulle kybernetiK";
				TargetAttributes = {
					41FF698A1D6B4E3500CC5AB0 = {
						CreatedOnToolsVersion = 7.2.1;
					};
				};
			};
			buildConfigurationList = 41C310801BB444CD00F0B036 /* Build configuration list for PBXProject "c" */;
			compatibilityVersion = "Xcode 3.2";
			developmentRegion = English;
			hasScannedForEncodings = 0;
			knownRegions = (
				en,
			);
			mainGroup = 41C3107C1BB444CD00F0B036;
			productRefGroup = 41C310861BB444CD00F0B036 /* Products */;
			projectDirPath = "";
			projectRoot = "";
			targets = (
				41FF698A1D6B4E3500CC5AB0 /* c */,
			);
		};
/* End PBXProject section */

/* Begin PBXSourcesBuildPhase section */
		41FF69871D6B4E3500CC5AB0 /* Sources */ = {
			isa = PBXSourcesBuildPhase;
			buildActionMask = 2147483647;
			files = (
				41FF69921D6B4E5D00CC5AB0 /* main.c in Sources */,
			);
			runOnlyForDeploymentPostprocessing = 0;
		};
/* End PBXSourcesBuildPhase section */

/* Begin XCBuildConfiguration section */
		41C310971BB444CE00F0B036 /* Debug */ = {
			isa = XCBuildConfiguration;
			buildSettings = {
			};
			name = Debug;
		};
		41C310981BB444CE00F0B036 /* Release */ = {
			isa = XCBuildConfiguration;
			buildSettings = {
			};
			name = Release;
		};
		41FF698F1D6B4E3500CC5AB0 /* Debug */ = {
			isa = XCBuildConfiguration;
			buildSettings = {
				PRODUCT_NAME = "$(TARGET_NAME)";
			};
			name = Debug;
		};
		41FF69901D6B4E3500CC5AB0 /* Release */ = {
			isa = XCBuildConfiguration;
			buildSettings = {
				PRODUCT_NAME = "$(TARGET_NAME)";
			};
			name = Release;
		};
/* End XCBuildConfiguration section */

/* Begin XCConfigurationList section */
		41C310801BB444CD00F0B036 /* Build configuration list for PBXProject "c" */ = {
			isa = XCConfigurationList;
			buildConfigurations = (
				41C310971BB444CE00F0B036 /* Debug */,
				41C310981BB444CE00F0B036 /* Release */,
			);
			defaultConfigurationIsVisible = 0;
			defaultConfigurationName = Release;
		};
		41FF69911D6B4E3500CC5AB0 /* Build configuration list for PBXNativeTarget "c" */ = {
			isa = XCConfigurationList;
			buildConfigurations = (
				41FF698F1D6B4E3500CC5AB0 /* Debug */,
				41FF69901D6B4E3500CC5AB0 /* Release */,
			);
			defaultConfigurationIsVisible = 0;
		};
/* End XCConfigurationList section */
	};
	rootObject = 41C3107D1BB444CD00F0B036 /* Project object */;
}
