// !$*UTF8*$!
{
	archiveVersion = 1;
	classes = {
	};
	objectVersion = 46;
	objects = {

/* Begin PBXBuildFile section */
		41C310891BB444CD00F0B036 /* C.h in CopyFiles */ = {isa = PBXBuildFile; fileRef = 41C310881BB444CD00F0B036 /* C.h */; };
		41C3108B1BB444CD00F0B036 /* C.m in Sources */ = {isa = PBXBuildFile; fileRef = 41C3108A1BB444CD00F0B036 /* C.m */; };
/* End PBXBuildFile section */

/* Begin PBXCopyFilesBuildPhase section */
		41C310831BB444CD00F0B036 /* CopyFiles */ = {
			isa = PBXCopyFilesBuildPhase;
			buildActionMask = 2147483647;
			dstPath = "include/$(PRODUCT_NAME)";
			dstSubfolderSpec = 16;
			files = (
				41C310891BB444CD00F0B036 /* C.h in CopyFiles */,
			);
			runOnlyForDeploymentPostprocessing = 0;
		};
/* End PBXCopyFilesBuildPhase section */

/* Begin PBXFileReference section */
		41C310851BB444CD00F0B036 /* libC.a */ = {isa = PBXFileReference; explicitFileType = archive.ar; includeInIndex = 0; path = libC.a; sourceTree = BUILT_PRODUCTS_DIR; };
		41C310881BB444CD00F0B036 /* C.h */ = {isa = PBXFileReference; lastKnownFileType = sourcecode.c.h; path = C.h; sourceTree = "<group>"; };
		41C3108A1BB444CD00F0B036 /* C.m */ = {isa = PBXFileReference; lastKnownFileType = sourcecode.c.objc; path = C.m; sourceTree = "<group>"; };
/* End PBXFileReference section */

/* Begin PBXFrameworksBuildPhase section */
		41C310821BB444CD00F0B036 /* Frameworks */ = {
			isa = PBXFrameworksBuildPhase;
			buildActionMask = 2147483647;
			files = (
			);
			runOnlyForDeploymentPostprocessing = 0;
		};
/* End PBXFrameworksBuildPhase section */

/* Begin PBXGroup section */
		41C3107C1BB444CD00F0B036 = {
			isa = PBXGroup;
			children = (
				41C310871BB444CD00F0B036 /* C */,
				41C310861BB444CD00F0B036 /* Products */,
			);
			sourceTree = "<group>";
		};
		41C310861BB444CD00F0B036 /* Products */ = {
			isa = PBXGroup;
			children = (
				41C310851BB444CD00F0B036 /* libC.a */,
			);
			name = Products;
			sourceTree = "<group>";
		};
		41C310871BB444CD00F0B036 /* C */ = {
			isa = PBXGroup;
			children = (
				41C310881BB444CD00F0B036 /* C.h */,
				41C3108A1BB444CD00F0B036 /* C.m */,
			);
			name = C;
			path = src;
			sourceTree = "<group>";
		};
/* End PBXGroup section */

/* Begin PBXNativeTarget section */
		41C310841BB444CD00F0B036 /* C */ = {
			isa = PBXNativeTarget;
			buildConfigurationList = 41C310991BB444CE00F0B036 /* Build configuration list for PBXNativeTarget "C" */;
			buildPhases = (
				41C310811BB444CD00F0B036 /* Sources */,
				41C310821BB444CD00F0B036 /* Frameworks */,
				41C310831BB444CD00F0B036 /* CopyFiles */,
			);
			buildRules = (
			);
			dependencies = (
			);
			name = C;
			productName = C;
			productReference = 41C310851BB444CD00F0B036 /* libC.a */;
			productType = "com.apple.product-type.library.static";
		};
/* End PBXNativeTarget section */

/* Begin PBXProject section */
		41C3107D1BB444CD00F0B036 /* Project object */ = {
			isa = PBXProject;
			attributes = {
				LastUpgradeCheck = 0640;
				ORGANIZATIONNAME = "Mulle kybernetiK";
				TargetAttributes = {
					41C310841BB444CD00F0B036 = {
						CreatedOnToolsVersion = 6.4;
					};
				};
			};
			buildConfigurationList = 41C310801BB444CD00F0B036 /* Build configuration list for PBXProject "C" */;
			compatibilityVersion = "Xcode 3.2";
			developmentRegion = English;
			hasScannedForEncodings = 0;
			knownRegions = (
				en,
			);
			mainGroup = 41C3107C1BB444CD00F0B036;
			productRefGroup = 41C310861BB444CD00F0B036 /* Products */;
			projectDirPath = "";
			projectRoot = "";
			targets = (
				41C310841BB444CD00F0B036 /* C */,
			);
		};
/* End PBXProject section */

/* Begin PBXSourcesBuildPhase section */
		41C310811BB444CD00F0B036 /* Sources */ = {
			isa = PBXSourcesBuildPhase;
			buildActionMask = 2147483647;
			files = (
				41C3108B1BB444CD00F0B036 /* C.m in Sources */,
			);
			runOnlyForDeploymentPostprocessing = 0;
		};
/* End PBXSourcesBuildPhase section */

/* Begin XCBuildConfiguration section */
		41C310971BB444CE00F0B036 /* Debug */ = {
			isa = XCBuildConfiguration;
			buildSettings = {
				ALWAYS_SEARCH_USER_PATHS = NO;
				CLANG_CXX_LANGUAGE_STANDARD = "gnu++0x";
				CLANG_CXX_LIBRARY = "libc++";
				CLANG_ENABLE_MODULES = YES;
				CLANG_ENABLE_OBJC_ARC = YES;
				CLANG_WARN_BOOL_CONVERSION = YES;
				CLANG_WARN_CONSTANT_CONVERSION = YES;
				CLANG_WARN_DIRECT_OBJC_ISA_USAGE = YES_ERROR;
				CLANG_WARN_EMPTY_BODY = YES;
				CLANG_WARN_ENUM_CONVERSION = YES;
				CLANG_WARN_INT_CONVERSION = YES;
				CLANG_WARN_OBJC_ROOT_CLASS = YES_ERROR;
				CLANG_WARN_UNREACHABLE_CODE = YES;
				CLANG_WARN__DUPLICATE_METHOD_MATCH = YES;
				COPY_PHASE_STRIP = NO;
				DEBUG_INFORMATION_FORMAT = "dwarf-with-dsym";
				ENABLE_STRICT_OBJC_MSGSEND = YES;
				GCC_C_LANGUAGE_STANDARD = gnu99;
				GCC_DYNAMIC_NO_PIC = NO;
				GCC_NO_COMMON_BLOCKS = YES;
				GCC_OPTIMIZATION_LEVEL = 0;
				GCC_PREPROCESSOR_DEFINITIONS = (
					"DEBUG=1",
					"$(inherited)",
				);
				GCC_SYMBOLS_PRIVATE_EXTERN = NO;
				GCC_WARN_64_TO_32_BIT_CONVERSION = YES;
				GCC_WARN_ABOUT_RETURN_TYPE = YES_ERROR;
				GCC_WARN_UNDECLARED_SELECTOR = YES;
				GCC_WARN_UNINITIALIZED_AUTOS = YES_AGGRESSIVE;
				GCC_WARN_UNUSED_FUNCTION = YES;
				GCC_WARN_UNUSED_VARIABLE = YES;
				IPHONEOS_DEPLOYMENT_TARGET = 8.4;
				MTL_ENABLE_DEBUG_INFO = YES;
				ONLY_ACTIVE_ARCH = YES;
				SDKROOT = iphoneos;
			};
			name = Debug;
		};
		41C310981BB444CE00F0B036 /* Release */ = {
			isa = XCBuildConfiguration;
			buildSettings = {
				ALWAYS_SEARCH_USER_PATHS = NO;
				CLANG_CXX_LANGUAGE_STANDARD = "gnu++0x";
				CLANG_CXX_LIBRARY = "libc++";
				CLANG_ENABLE_MODULES = YES;
				CLANG_ENABLE_OBJC_ARC = YES;
				CLANG_WARN_BOOL_CONVERSION = YES;
				CLANG_WARN_CONSTANT_CONVERSION = YES;
				CLANG_WARN_DIRECT_OBJC_ISA_USAGE = YES_ERROR;
				CLANG_WARN_EMPTY_BODY = YES;
				CLANG_WARN_ENUM_CONVERSION = YES;
				CLANG_WARN_INT_CONVERSION = YES;
				CLANG_WARN_OBJC_ROOT_CLASS = YES_ERROR;
				CLANG_WARN_UNREACHABLE_CODE = YES;
				CLANG_WARN__DUPLICATE_METHOD_MATCH = YES;
				COPY_PHASE_STRIP = NO;
				DEBUG_INFORMATION_FORMAT = "dwarf-with-dsym";
				ENABLE_NS_ASSERTIONS = NO;
				ENABLE_STRICT_OBJC_MSGSEND = YES;
				GCC_C_LANGUAGE_STANDARD = gnu99;
				GCC_NO_COMMON_BLOCKS = YES;
				GCC_WARN_64_TO_32_BIT_CONVERSION = YES;
				GCC_WARN_ABOUT_RETURN_TYPE = YES_ERROR;
				GCC_WARN_UNDECLARED_SELECTOR = YES;
				GCC_WARN_UNINITIALIZED_AUTOS = YES_AGGRESSIVE;
				GCC_WARN_UNUSED_FUNCTION = YES;
				GCC_WARN_UNUSED_VARIABLE = YES;
				IPHONEOS_DEPLOYMENT_TARGET = 8.4;
				MTL_ENABLE_DEBUG_INFO = NO;
				SDKROOT = iphoneos;
				VALIDATE_PRODUCT = YES;
			};
			name = Release;
		};
		41C3109A1BB444CE00F0B036 /* Debug */ = {
			isa = XCBuildConfiguration;
			buildSettings = {
				OTHER_LDFLAGS = "-ObjC";
				PRODUCT_NAME = "$(TARGET_NAME)";
				SKIP_INSTALL = YES;
			};
			name = Debug;
		};
		41C3109B1BB444CE00F0B036 /* Release */ = {
			isa = XCBuildConfiguration;
			buildSettings = {
				OTHER_LDFLAGS = "-ObjC";
				PRODUCT_NAME = "$(TARGET_NAME)";
				SKIP_INSTALL = YES;
			};
			name = Release;
		};
/* End XCBuildConfiguration section */

/* Begin XCConfigurationList section */
		41C310801BB444CD00F0B036 /* Build configuration list for PBXProject "C" */ = {
			isa = XCConfigurationList;
			buildConfigurations = (
				41C310971BB444CE00F0B036 /* Debug */,
				41C310981BB444CE00F0B036 /* Release */,
			);
			defaultConfigurationIsVisible = 0;
			defaultConfigurationName = Release;
		};
		41C310991BB444CE00F0B036 /* Build configuration list for PBXNativeTarget "C" */ = {
			isa = XCConfigurationList;
			buildConfigurations = (
				41C3109A1BB444CE00F0B036 /* Debug */,
				41C3109B1BB444CE00F0B036 /* Release */,
			);
			defaultConfigurationIsVisible = 0;
			defaultConfigurationName = Release;
		};
/* End XCConfigurationList section */
	};
	rootObject = 41C3107D1BB444CD00F0B036 /* Project object */;
}
